
Microsoft Visual Studio Solution File, Format Version 12.00
# Visual Studio Version 16
VisualStudioVersion = 16.0.30804.86
MinimumVisualStudioVersion = 10.0.40219.1
Project("{F2A71F9B-5D33-465A-A702-920D77279786}") = "Speech", "Speech.fsproj", "{68BEB5C8-0326-4713-AA82-4E332A59035A}"
EndProject
Global
	GlobalSection(SolutionConfigurationPlatforms) = preSolution
		Debug|Any CPU = Debug|Any CPU
		Release|Any CPU = Release|Any CPU
	EndGlobalSection
	GlobalSection(ProjectConfigurationPlatforms) = postSolution
		{68BEB5C8-0326-4713-AA82-4E332A59035A}.Debug|Any CPU.ActiveCfg = Debug|Any CPU
		{68BEB5C8-0326-4713-AA82-4E332A59035A}.Debug|Any CPU.Build.0 = Debug|Any CPU
		{68BEB5C8-0326-4713-AA82-4E332A59035A}.Release|Any CPU.ActiveCfg = Release|Any CPU
		{68BEB5C8-0326-4713-AA82-4E332A59035A}.Release|Any CPU.Build.0 = Release|Any CPU
	EndGlobalSection
	GlobalSection(SolutionProperties) = preSolution
		HideSolutionNode = FALSE
	EndGlobalSection
	GlobalSection(ExtensibilityGlobals) = postSolution
		SolutionGuid = {5E3310C4-B64B-4123-84EA-EE72C7D23548}
	EndGlobalSection
EndGlobal
