
Microsoft Visual Studio Solution File, Format Version 12.00
# Visual Studio 15
VisualStudioVersion = 15.0.27128.1
MinimumVisualStudioVersion = 10.0.40219.1
Project("{F2A71F9B-5D33-465A-A702-920D77279786}") = "wasm", "wasm.fsproj", "{56B2ED62-E4C4-461C-AB59-355472FD38E8}"
EndProject
Global
	GlobalSection(SolutionConfigurationPlatforms) = preSolution
		Debug|Any CPU = Debug|Any CPU
		Release|Any CPU = Release|Any CPU
	EndGlobalSection
	GlobalSection(ProjectConfigurationPlatforms) = postSolution
		{56B2ED62-E4C4-461C-AB59-355472FD38E8}.Debug|Any CPU.ActiveCfg = Debug|Any CPU
		{56B2ED62-E4C4-461C-AB59-355472FD38E8}.Debug|Any CPU.Build.0 = Debug|Any CPU
		{56B2ED62-E4C4-461C-AB59-355472FD38E8}.Release|Any CPU.ActiveCfg = Release|Any CPU
		{56B2ED62-E4C4-461C-AB59-355472FD38E8}.Release|Any CPU.Build.0 = Release|Any CPU
	EndGlobalSection
	GlobalSection(SolutionProperties) = preSolution
		HideSolutionNode = FALSE
	EndGlobalSection
	GlobalSection(ExtensibilityGlobals) = postSolution
		SolutionGuid = {121B4B8A-E5F5-49FB-93F2-ACA233E230DE}
	EndGlobalSection
EndGlobal
