
Microsoft Visual Studio Solution File, Format Version 12.00
# Visual Studio Version 16
VisualStudioVersion = 16.0.30611.23
MinimumVisualStudioVersion = 10.0.40219.1
Project("{F2A71F9B-5D33-465A-A702-920D77279786}") = "Language", "Language\Language.fsproj", "{1F93E754-52B2-432B-AD6F-CDCD29ABE82F}"
EndProject
Global
	GlobalSection(SolutionConfigurationPlatforms) = preSolution
		Debug|Any CPU = Debug|Any CPU
		Release|Any CPU = Release|Any CPU
	EndGlobalSection
	GlobalSection(ProjectConfigurationPlatforms) = postSolution
		{1F93E754-52B2-432B-AD6F-CDCD29ABE82F}.Debug|Any CPU.ActiveCfg = Debug|Any CPU
		{1F93E754-52B2-432B-AD6F-CDCD29ABE82F}.Debug|Any CPU.Build.0 = Debug|Any CPU
		{1F93E754-52B2-432B-AD6F-CDCD29ABE82F}.Release|Any CPU.ActiveCfg = Release|Any CPU
		{1F93E754-52B2-432B-AD6F-CDCD29ABE82F}.Release|Any CPU.Build.0 = Release|Any CPU
	EndGlobalSection
	GlobalSection(SolutionProperties) = preSolution
		HideSolutionNode = FALSE
	EndGlobalSection
	GlobalSection(ExtensibilityGlobals) = postSolution
		SolutionGuid = {39B292FB-D699-41E0-B467-D5BD3BF0F063}
	EndGlobalSection
EndGlobal
